{
  "name": "hyper-blend",
  "version": "1.0.0",
  "lockfileVersion": 1,
  "requires": true,
  "dependencies": {
    "color-convert": {
      "version": "0.5.3",
      "resolved": "https://registry.npmjs.org/color-convert/-/color-convert-0.5.3.tgz",
      "integrity": "sha1-vbbGnOZg+t/+CwAHzER+G59ygr0="
    },
    "image-extensions": {
      "version": "1.1.0",
      "resolved": "https://registry.npmjs.org/image-extensions/-/image-extensions-1.1.0.tgz",
      "integrity": "sha1-uOa/YDnfAFbjM1AqALZjejEF2JQ="
    },
    "is-image": {
      "version": "2.0.0",
      "resolved": "https://registry.npmjs.org/is-image/-/is-image-2.0.0.tgz",
      "integrity": "sha1-RUyVaVeN4xhpNx+/rqSVj0YbPgw=",
      "requires": {
        "image-extensions": "^1.0.1"
      }
    },
    "parse-color": {
      "version": "1.0.0",
      "resolved": "https://registry.npmjs.org/parse-color/-/parse-color-1.0.0.tgz",
      "integrity": "sha1-e3SLlag/A/FqlPU15S1/PZRlhhk=",
      "requires": {
        "color-convert": "~0.5.0"
      }
    }
  }
}
